
Microsoft Visual Studio Solution File, Format Version 12.00
# Visual Studio Version 17
VisualStudioVersion = 17.9.34728.123
MinimumVisualStudioVersion = 10.0.40219.1
Project("{8BC9CEB8-8B4A-11D0-8D11-00A0C91BC942}") = "exam1_pgm", "exams\exam1_pgm\exam1_pgm.vcxproj", "{E20965CF-0F2B-4F76-A6A2-889ED86DFB07}"
EndProject
Project("{8BC9CEB8-8B4A-11D0-8D11-00A0C91BC942}") = "huffdiff", "assignments\huffdiff\huffdiff.vcxproj", "{1442BCA8-D9C8-427D-9565-2036AAE82DB2}"
EndProject
Project("{2150E333-8FDC-42A3-9474-1A3956D46DE8}") = "exams", "exams", "{5ABCC512-02A2-47D3-A3B3-2C394C8FAAA6}"
EndProject
Project("{2150E333-8FDC-42A3-9474-1A3956D46DE8}") = "assignments", "assignments", "{5A64F4E1-1C9F-4AD3-92C8-5F529C943D74}"
EndProject
Project("{8BC9CEB8-8B4A-11D0-8D11-00A0C91BC942}") = "exam2_base64_decode", "exams\exam2_base64_decode\exam2_base64_decode.vcxproj", "{87621CA6-1825-4297-A401-367A97F96C6C}"
EndProject
Project("{8BC9CEB8-8B4A-11D0-8D11-00A0C91BC942}") = "combine", "assignments\combine\combine.vcxproj", "{92876E90-7E2F-4345-BCA6-25605A318FE7}"
EndProject
Project("{8BC9CEB8-8B4A-11D0-8D11-00A0C91BC942}") = "split", "assignments\split\split.vcxproj", "{E6134691-4E34-420F-B766-C28F2D9B12E8}"
EndProject
Project("{8BC9CEB8-8B4A-11D0-8D11-00A0C91BC942}") = "packbits", "assignments\packbits\packbits.vcxproj", "{FACB0C16-3E78-4FE7-A1AE-6F1017F69B53}"
EndProject
Project("{8BC9CEB8-8B4A-11D0-8D11-00A0C91BC942}") = "packbits_extension", "assignments\packbits_extension\packbits_extension.vcxproj", "{1B0AF122-CC7C-4135-A987-47966AECD960}"
EndProject
Project("{8BC9CEB8-8B4A-11D0-8D11-00A0C91BC942}") = "huffman1", "assignments\huffman1\huffman1.vcxproj", "{6C0A6A6B-7D8F-4819-99B2-91CE7A7153D2}"
EndProject
Project("{8BC9CEB8-8B4A-11D0-8D11-00A0C91BC942}") = "huffman2", "assignments\huffman2\huffman2.vcxproj", "{32120ACA-9C31-40AD-926C-FABFC58F0BFB}"
EndProject
Project("{2150E333-8FDC-42A3-9474-1A3956D46DE8}") = "support", "support", "{CEEDCD25-43A0-4801-B46F-072A995E60B4}"
EndProject
Project("{8BC9CEB8-8B4A-11D0-8D11-00A0C91BC942}") = "huffman", "support\huffman\huffman.vcxproj", "{CBD16653-4939-4FE9-A83D-F69980B2BE18}"
EndProject
Project("{8BC9CEB8-8B4A-11D0-8D11-00A0C91BC942}") = "exam3_lempel_ziv_stac", "exams\exam3_lempel_ziv_stac\exam3_lempel_ziv_stac.vcxproj", "{941F8B28-EA34-4EE2-8683-D8EA36A01948}"
EndProject
Project("{8BC9CEB8-8B4A-11D0-8D11-00A0C91BC942}") = "exam4_read_pbm", "exams\exam4_read_pbm\exam4_read_pbm.vcxproj", "{A2605330-C985-4AC0-9659-E0E21C6E5681}"
EndProject
Project("{8BC9CEB8-8B4A-11D0-8D11-00A0C91BC942}") = "exam4_convert_pbm", "exams\exam4_convert_pbm\exam4_convert_pbm.vcxproj", "{CB47E9F8-F1E2-45F1-AA7E-FAD0E3FD38D6}"
EndProject
Project("{8BC9CEB8-8B4A-11D0-8D11-00A0C91BC942}") = "exam5_y4m_gray", "exams\exam5_y4m_gray\exam5_y4m_gray.vcxproj", "{376BDBC0-BC90-46C2-BEB1-B4A40C9CB2DB}"
EndProject
Project("{8BC9CEB8-8B4A-11D0-8D11-00A0C91BC942}") = "exam5_y4m_color", "exams\exam5_y4m_color\exam5_y4m_color.vcxproj", "{E8393E22-31FB-4B93-9D9E-DD37C59AB3FC}"
EndProject
Project("{8BC9CEB8-8B4A-11D0-8D11-00A0C91BC942}") = "bit_torrent", "assignments\bit_torrent\bit_torrent.vcxproj", "{DCA2A204-DD73-41C5-A846-88DB2A968EEA}"
EndProject
Project("{8BC9CEB8-8B4A-11D0-8D11-00A0C91BC942}") = "exam6_lz78_encode", "exams\exam6_lz78_encode\exam6_lz78_encode.vcxproj", "{FA4AA22C-D910-49C4-91B7-18EA29691370}"
EndProject
Project("{8BC9CEB8-8B4A-11D0-8D11-00A0C91BC942}") = "exam7_ppm_load", "exams\exam7_ppm_load\exam7_ppm_load.vcxproj", "{E051A38C-B3D4-4CC9-899F-D2E918063DB2}"
EndProject
Project("{8BC9CEB8-8B4A-11D0-8D11-00A0C91BC942}") = "exam7_ppm_split", "exams\exam7_ppm_split\exam7_ppm_split.vcxproj", "{B18E8EF8-2525-4DB1-A122-A9426F0E87BF}"
EndProject
Project("{8BC9CEB8-8B4A-11D0-8D11-00A0C91BC942}") = "exam7_packbits", "exams\exam7_packbits\exam7_packbits.vcxproj", "{3D9F1BC5-93C8-4EB9-BD66-95166387BF21}"
EndProject
Project("{8BC9CEB8-8B4A-11D0-8D11-00A0C91BC942}") = "exam7_base64", "exams\exam7_base64\exam7_base64.vcxproj", "{5C3CA54A-1980-43BB-886A-0019CC88F024}"
EndProject
Project("{8BC9CEB8-8B4A-11D0-8D11-00A0C91BC942}") = "exam7_json", "exams\exam7_json\exam7_json.vcxproj", "{00B3B173-6982-4281-ACEF-A781D55A0102}"
EndProject
Project("{8BC9CEB8-8B4A-11D0-8D11-00A0C91BC942}") = "exam8_1bpp_pcx", "exams\exam8_1bpp_pcx\exam8_1bpp_pcx.vcxproj", "{33BDCF16-1709-47CC-8142-2045FFB91E94}"
EndProject
Project("{8BC9CEB8-8B4A-11D0-8D11-00A0C91BC942}") = "exam8_truecolor_pcx", "exams\exam8_truecolor_pcx\exam8_truecolor_pcx.vcxproj", "{FEBA237D-BE5F-49AA-810F-5F082558B0F4}"
EndProject
Project("{8BC9CEB8-8B4A-11D0-8D11-00A0C91BC942}") = "exam8_256colors_pcx", "exams\exam8_256colors_pcx\exam8_256colors_pcx.vcxproj", "{9296845A-6F2F-4A70-B56E-48E5BD861BEA}"
EndProject
Project("{8BC9CEB8-8B4A-11D0-8D11-00A0C91BC942}") = "exam9_snappy_decoding", "exams\exam9_snappy_decoding\exam9_snappy_decoding.vcxproj", "{55470D25-AB60-47E1-B433-D0AAF61C251F}"
EndProject
Project("{8BC9CEB8-8B4A-11D0-8D11-00A0C91BC942}") = "mdct", "assignments\mdct\mdct.vcxproj", "{CE6B0DD9-E458-4D6E-B30B-A8CC548D37AC}"
EndProject
Project("{8BC9CEB8-8B4A-11D0-8D11-00A0C91BC942}") = "exam10_huffman_string_table", "exams\exam10_huffman_string_table\exam10_huffman_string_table.vcxproj", "{E1240310-E0D0-4C30-BE97-AE58B0994C57}"
EndProject
Project("{8BC9CEB8-8B4A-11D0-8D11-00A0C91BC942}") = "exam10_huffman_string_hardcoded_table", "exams\exam10_huffman_string_hardcoded_table\exam10_huffman_string_hardcoded_table.vcxproj", "{B244B51E-C901-484E-9FCE-1E60A5675287}"
EndProject
Project("{8BC9CEB8-8B4A-11D0-8D11-00A0C91BC942}") = "exam11_ubjson", "exams\exam11_ubjson\exam11_ubjson.vcxproj", "{388DED54-675B-462C-BB52-6719292A29B5}"
EndProject
Project("{8BC9CEB8-8B4A-11D0-8D11-00A0C91BC942}") = "exam12_qoi", "exams\exam12_qoi\exam12_qoi.vcxproj", "{53247E92-B650-4F3E-9267-C805F1D148EB}"
EndProject
Project("{8BC9CEB8-8B4A-11D0-8D11-00A0C91BC942}") = "matroska", "assignments\matroska\matroska.vcxproj", "{7A5C70B8-9F35-4A1C-AA2D-6FC2216080A9}"
EndProject
Project("{8BC9CEB8-8B4A-11D0-8D11-00A0C91BC942}") = "exam13_alpha_compositing", "exams\exam13_alpha_compositing\exam13_alpha_compositing.vcxproj", "{46EFA0E8-EC7D-4EB4-895F-5E4692D17A7D}"
EndProject
Project("{8BC9CEB8-8B4A-11D0-8D11-00A0C91BC942}") = "exam14_z85rot", "exams\exam14_z85rot\exam14_z85rot.vcxproj", "{65D65C78-BAAE-4143-8015-99B6FA010710}"
EndProject
Project("{8BC9CEB8-8B4A-11D0-8D11-00A0C91BC942}") = "exam15_fit", "exams\exam15_fit\exam15_fit.vcxproj", "{7CE4DBFB-444A-45F7-B676-B38B03545A5E}"
EndProject
Project("{8BC9CEB8-8B4A-11D0-8D11-00A0C91BC942}") = "exam16_lz4", "exams\exam16_lz4\exam16_lz4.vcxproj", "{071900E4-98E5-46F6-8E31-FA4ACDA228F4}"
EndProject
Project("{8BC9CEB8-8B4A-11D0-8D11-00A0C91BC942}") = "exam17_bayer_decode", "exams\exam17_bayer_decode\exam17_bayer_decode.vcxproj", "{2A3B1E3C-6965-4649-A212-A2AD3C8936FE}"
EndProject
Project("{8BC9CEB8-8B4A-11D0-8D11-00A0C91BC942}") = "exam18_decode_hdr", "exams\exam18_decode_hdr\exam18_decode_hdr.vcxproj", "{301E1BA6-72CF-4BF9-9548-81F2D7DB5287}"
EndProject
Project("{8BC9CEB8-8B4A-11D0-8D11-00A0C91BC942}") = "exam19_bmp24", "exams\exam19_bmp24\exam19_bmp24.vcxproj", "{21D6CB5A-5C1F-4287-A65A-5BB0A86ACCF5}"
EndProject
Project("{8BC9CEB8-8B4A-11D0-8D11-00A0C91BC942}") = "exam19_bmp8", "exams\exam19_bmp8\exam19_bmp8.vcxproj", "{A6062738-4045-46D9-A7FF-5C0B1DDD3BC2}"
EndProject
Project("{8BC9CEB8-8B4A-11D0-8D11-00A0C91BC942}") = "exam19_bmp4", "exams\exam19_bmp4\exam19_bmp4.vcxproj", "{EEF4D9A5-FE8D-4399-A604-104F2AC33062}"
EndProject
Project("{8BC9CEB8-8B4A-11D0-8D11-00A0C91BC942}") = "exam19_bmp1", "exams\exam19_bmp1\exam19_bmp1.vcxproj", "{7EA38F6C-4FA0-4EF2-8384-B33C878F2B26}"
EndProject
Project("{8BC9CEB8-8B4A-11D0-8D11-00A0C91BC942}") = "exam20_lzvn", "exams\exam20_lzvn\exam20_lzvn.vcxproj", "{8973FC8D-0451-45D9-9C0D-D34D726720D8}"
EndProject
Project("{8BC9CEB8-8B4A-11D0-8D11-00A0C91BC942}") = "tiff", "assignments\tiff\tiff.vcxproj", "{39EB0CC7-B1A4-4D23-8BC7-51109B0D4529}"
EndProject
Project("{8BC9CEB8-8B4A-11D0-8D11-00A0C91BC942}") = "exam21_adam7", "exams\exam21_adam7\exam21_adam7.vcxproj", "{180E93F0-38B0-4F44-8B30-F9C16801C5A7}"
EndProject
Project("{8BC9CEB8-8B4A-11D0-8D11-00A0C91BC942}") = "exam_webp", "exams\exam_webp\exam_webp.vcxproj", "{E02AEF12-8BBF-4F10-A52D-19ADFC98F408}"
EndProject
Project("{8BC9CEB8-8B4A-11D0-8D11-00A0C91BC942}") = "exam11_ubjson_2", "exams\exam11_ubjson_2\exam11_ubjson_2.vcxproj", "{63CFDCE5-3B55-4704-9021-5FB79A689054}"
EndProject
Project("{8BC9CEB8-8B4A-11D0-8D11-00A0C91BC942}") = "exam17_bayer_decode_2", "exams\exam17_bayer_decode_2\exam17_bayer_decode_2.vcxproj", "{92414CEC-326E-4EDF-B733-E9D2899DAFFD}"
EndProject
Global
	GlobalSection(SolutionConfigurationPlatforms) = preSolution
		Debug|x64 = Debug|x64
		Debug|x86 = Debug|x86
		Release|x64 = Release|x64
		Release|x86 = Release|x86
	EndGlobalSection
	GlobalSection(ProjectConfigurationPlatforms) = postSolution
		{E20965CF-0F2B-4F76-A6A2-889ED86DFB07}.Debug|x64.ActiveCfg = Debug|x64
		{E20965CF-0F2B-4F76-A6A2-889ED86DFB07}.Debug|x64.Build.0 = Debug|x64
		{E20965CF-0F2B-4F76-A6A2-889ED86DFB07}.Debug|x86.ActiveCfg = Debug|Win32
		{E20965CF-0F2B-4F76-A6A2-889ED86DFB07}.Debug|x86.Build.0 = Debug|Win32
		{E20965CF-0F2B-4F76-A6A2-889ED86DFB07}.Release|x64.ActiveCfg = Release|x64
		{E20965CF-0F2B-4F76-A6A2-889ED86DFB07}.Release|x64.Build.0 = Release|x64
		{E20965CF-0F2B-4F76-A6A2-889ED86DFB07}.Release|x86.ActiveCfg = Release|Win32
		{E20965CF-0F2B-4F76-A6A2-889ED86DFB07}.Release|x86.Build.0 = Release|Win32
		{1442BCA8-D9C8-427D-9565-2036AAE82DB2}.Debug|x64.ActiveCfg = Debug|x64
		{1442BCA8-D9C8-427D-9565-2036AAE82DB2}.Debug|x64.Build.0 = Debug|x64
		{1442BCA8-D9C8-427D-9565-2036AAE82DB2}.Debug|x86.ActiveCfg = Debug|Win32
		{1442BCA8-D9C8-427D-9565-2036AAE82DB2}.Debug|x86.Build.0 = Debug|Win32
		{1442BCA8-D9C8-427D-9565-2036AAE82DB2}.Release|x64.ActiveCfg = Release|x64
		{1442BCA8-D9C8-427D-9565-2036AAE82DB2}.Release|x64.Build.0 = Release|x64
		{1442BCA8-D9C8-427D-9565-2036AAE82DB2}.Release|x86.ActiveCfg = Release|Win32
		{1442BCA8-D9C8-427D-9565-2036AAE82DB2}.Release|x86.Build.0 = Release|Win32
		{87621CA6-1825-4297-A401-367A97F96C6C}.Debug|x64.ActiveCfg = Debug|x64
		{87621CA6-1825-4297-A401-367A97F96C6C}.Debug|x64.Build.0 = Debug|x64
		{87621CA6-1825-4297-A401-367A97F96C6C}.Debug|x86.ActiveCfg = Debug|Win32
		{87621CA6-1825-4297-A401-367A97F96C6C}.Debug|x86.Build.0 = Debug|Win32
		{87621CA6-1825-4297-A401-367A97F96C6C}.Release|x64.ActiveCfg = Release|x64
		{87621CA6-1825-4297-A401-367A97F96C6C}.Release|x64.Build.0 = Release|x64
		{87621CA6-1825-4297-A401-367A97F96C6C}.Release|x86.ActiveCfg = Release|Win32
		{87621CA6-1825-4297-A401-367A97F96C6C}.Release|x86.Build.0 = Release|Win32
		{92876E90-7E2F-4345-BCA6-25605A318FE7}.Debug|x64.ActiveCfg = Debug|x64
		{92876E90-7E2F-4345-BCA6-25605A318FE7}.Debug|x64.Build.0 = Debug|x64
		{92876E90-7E2F-4345-BCA6-25605A318FE7}.Debug|x86.ActiveCfg = Debug|Win32
		{92876E90-7E2F-4345-BCA6-25605A318FE7}.Debug|x86.Build.0 = Debug|Win32
		{92876E90-7E2F-4345-BCA6-25605A318FE7}.Release|x64.ActiveCfg = Release|x64
		{92876E90-7E2F-4345-BCA6-25605A318FE7}.Release|x64.Build.0 = Release|x64
		{92876E90-7E2F-4345-BCA6-25605A318FE7}.Release|x86.ActiveCfg = Release|Win32
		{92876E90-7E2F-4345-BCA6-25605A318FE7}.Release|x86.Build.0 = Release|Win32
		{E6134691-4E34-420F-B766-C28F2D9B12E8}.Debug|x64.ActiveCfg = Debug|x64
		{E6134691-4E34-420F-B766-C28F2D9B12E8}.Debug|x64.Build.0 = Debug|x64
		{E6134691-4E34-420F-B766-C28F2D9B12E8}.Debug|x86.ActiveCfg = Debug|Win32
		{E6134691-4E34-420F-B766-C28F2D9B12E8}.Debug|x86.Build.0 = Debug|Win32
		{E6134691-4E34-420F-B766-C28F2D9B12E8}.Release|x64.ActiveCfg = Release|x64
		{E6134691-4E34-420F-B766-C28F2D9B12E8}.Release|x64.Build.0 = Release|x64
		{E6134691-4E34-420F-B766-C28F2D9B12E8}.Release|x86.ActiveCfg = Release|Win32
		{E6134691-4E34-420F-B766-C28F2D9B12E8}.Release|x86.Build.0 = Release|Win32
		{FACB0C16-3E78-4FE7-A1AE-6F1017F69B53}.Debug|x64.ActiveCfg = Debug|x64
		{FACB0C16-3E78-4FE7-A1AE-6F1017F69B53}.Debug|x64.Build.0 = Debug|x64
		{FACB0C16-3E78-4FE7-A1AE-6F1017F69B53}.Debug|x86.ActiveCfg = Debug|Win32
		{FACB0C16-3E78-4FE7-A1AE-6F1017F69B53}.Debug|x86.Build.0 = Debug|Win32
		{FACB0C16-3E78-4FE7-A1AE-6F1017F69B53}.Release|x64.ActiveCfg = Release|x64
		{FACB0C16-3E78-4FE7-A1AE-6F1017F69B53}.Release|x64.Build.0 = Release|x64
		{FACB0C16-3E78-4FE7-A1AE-6F1017F69B53}.Release|x86.ActiveCfg = Release|Win32
		{FACB0C16-3E78-4FE7-A1AE-6F1017F69B53}.Release|x86.Build.0 = Release|Win32
		{1B0AF122-CC7C-4135-A987-47966AECD960}.Debug|x64.ActiveCfg = Debug|x64
		{1B0AF122-CC7C-4135-A987-47966AECD960}.Debug|x64.Build.0 = Debug|x64
		{1B0AF122-CC7C-4135-A987-47966AECD960}.Debug|x86.ActiveCfg = Debug|Win32
		{1B0AF122-CC7C-4135-A987-47966AECD960}.Debug|x86.Build.0 = Debug|Win32
		{1B0AF122-CC7C-4135-A987-47966AECD960}.Release|x64.ActiveCfg = Release|x64
		{1B0AF122-CC7C-4135-A987-47966AECD960}.Release|x64.Build.0 = Release|x64
		{1B0AF122-CC7C-4135-A987-47966AECD960}.Release|x86.ActiveCfg = Release|Win32
		{1B0AF122-CC7C-4135-A987-47966AECD960}.Release|x86.Build.0 = Release|Win32
		{6C0A6A6B-7D8F-4819-99B2-91CE7A7153D2}.Debug|x64.ActiveCfg = Debug|x64
		{6C0A6A6B-7D8F-4819-99B2-91CE7A7153D2}.Debug|x64.Build.0 = Debug|x64
		{6C0A6A6B-7D8F-4819-99B2-91CE7A7153D2}.Debug|x86.ActiveCfg = Debug|Win32
		{6C0A6A6B-7D8F-4819-99B2-91CE7A7153D2}.Debug|x86.Build.0 = Debug|Win32
		{6C0A6A6B-7D8F-4819-99B2-91CE7A7153D2}.Release|x64.ActiveCfg = Release|x64
		{6C0A6A6B-7D8F-4819-99B2-91CE7A7153D2}.Release|x64.Build.0 = Release|x64
		{6C0A6A6B-7D8F-4819-99B2-91CE7A7153D2}.Release|x86.ActiveCfg = Release|Win32
		{6C0A6A6B-7D8F-4819-99B2-91CE7A7153D2}.Release|x86.Build.0 = Release|Win32
		{32120ACA-9C31-40AD-926C-FABFC58F0BFB}.Debug|x64.ActiveCfg = Debug|x64
		{32120ACA-9C31-40AD-926C-FABFC58F0BFB}.Debug|x64.Build.0 = Debug|x64
		{32120ACA-9C31-40AD-926C-FABFC58F0BFB}.Debug|x86.ActiveCfg = Debug|Win32
		{32120ACA-9C31-40AD-926C-FABFC58F0BFB}.Debug|x86.Build.0 = Debug|Win32
		{32120ACA-9C31-40AD-926C-FABFC58F0BFB}.Release|x64.ActiveCfg = Release|x64
		{32120ACA-9C31-40AD-926C-FABFC58F0BFB}.Release|x64.Build.0 = Release|x64
		{32120ACA-9C31-40AD-926C-FABFC58F0BFB}.Release|x86.ActiveCfg = Release|Win32
		{32120ACA-9C31-40AD-926C-FABFC58F0BFB}.Release|x86.Build.0 = Release|Win32
		{CBD16653-4939-4FE9-A83D-F69980B2BE18}.Debug|x64.ActiveCfg = Debug|x64
		{CBD16653-4939-4FE9-A83D-F69980B2BE18}.Debug|x64.Build.0 = Debug|x64
		{CBD16653-4939-4FE9-A83D-F69980B2BE18}.Debug|x86.ActiveCfg = Debug|Win32
		{CBD16653-4939-4FE9-A83D-F69980B2BE18}.Debug|x86.Build.0 = Debug|Win32
		{CBD16653-4939-4FE9-A83D-F69980B2BE18}.Release|x64.ActiveCfg = Release|x64
		{CBD16653-4939-4FE9-A83D-F69980B2BE18}.Release|x64.Build.0 = Release|x64
		{CBD16653-4939-4FE9-A83D-F69980B2BE18}.Release|x86.ActiveCfg = Release|Win32
		{CBD16653-4939-4FE9-A83D-F69980B2BE18}.Release|x86.Build.0 = Release|Win32
		{941F8B28-EA34-4EE2-8683-D8EA36A01948}.Debug|x64.ActiveCfg = Debug|x64
		{941F8B28-EA34-4EE2-8683-D8EA36A01948}.Debug|x64.Build.0 = Debug|x64
		{941F8B28-EA34-4EE2-8683-D8EA36A01948}.Debug|x86.ActiveCfg = Debug|Win32
		{941F8B28-EA34-4EE2-8683-D8EA36A01948}.Debug|x86.Build.0 = Debug|Win32
		{941F8B28-EA34-4EE2-8683-D8EA36A01948}.Release|x64.ActiveCfg = Release|x64
		{941F8B28-EA34-4EE2-8683-D8EA36A01948}.Release|x64.Build.0 = Release|x64
		{941F8B28-EA34-4EE2-8683-D8EA36A01948}.Release|x86.ActiveCfg = Release|Win32
		{941F8B28-EA34-4EE2-8683-D8EA36A01948}.Release|x86.Build.0 = Release|Win32
		{A2605330-C985-4AC0-9659-E0E21C6E5681}.Debug|x64.ActiveCfg = Debug|x64
		{A2605330-C985-4AC0-9659-E0E21C6E5681}.Debug|x64.Build.0 = Debug|x64
		{A2605330-C985-4AC0-9659-E0E21C6E5681}.Debug|x86.ActiveCfg = Debug|Win32
		{A2605330-C985-4AC0-9659-E0E21C6E5681}.Debug|x86.Build.0 = Debug|Win32
		{A2605330-C985-4AC0-9659-E0E21C6E5681}.Release|x64.ActiveCfg = Release|x64
		{A2605330-C985-4AC0-9659-E0E21C6E5681}.Release|x64.Build.0 = Release|x64
		{A2605330-C985-4AC0-9659-E0E21C6E5681}.Release|x86.ActiveCfg = Release|Win32
		{A2605330-C985-4AC0-9659-E0E21C6E5681}.Release|x86.Build.0 = Release|Win32
		{CB47E9F8-F1E2-45F1-AA7E-FAD0E3FD38D6}.Debug|x64.ActiveCfg = Debug|x64
		{CB47E9F8-F1E2-45F1-AA7E-FAD0E3FD38D6}.Debug|x64.Build.0 = Debug|x64
		{CB47E9F8-F1E2-45F1-AA7E-FAD0E3FD38D6}.Debug|x86.ActiveCfg = Debug|Win32
		{CB47E9F8-F1E2-45F1-AA7E-FAD0E3FD38D6}.Debug|x86.Build.0 = Debug|Win32
		{CB47E9F8-F1E2-45F1-AA7E-FAD0E3FD38D6}.Release|x64.ActiveCfg = Release|x64
		{CB47E9F8-F1E2-45F1-AA7E-FAD0E3FD38D6}.Release|x64.Build.0 = Release|x64
		{CB47E9F8-F1E2-45F1-AA7E-FAD0E3FD38D6}.Release|x86.ActiveCfg = Release|Win32
		{CB47E9F8-F1E2-45F1-AA7E-FAD0E3FD38D6}.Release|x86.Build.0 = Release|Win32
		{376BDBC0-BC90-46C2-BEB1-B4A40C9CB2DB}.Debug|x64.ActiveCfg = Debug|x64
		{376BDBC0-BC90-46C2-BEB1-B4A40C9CB2DB}.Debug|x64.Build.0 = Debug|x64
		{376BDBC0-BC90-46C2-BEB1-B4A40C9CB2DB}.Debug|x86.ActiveCfg = Debug|Win32
		{376BDBC0-BC90-46C2-BEB1-B4A40C9CB2DB}.Debug|x86.Build.0 = Debug|Win32
		{376BDBC0-BC90-46C2-BEB1-B4A40C9CB2DB}.Release|x64.ActiveCfg = Release|x64
		{376BDBC0-BC90-46C2-BEB1-B4A40C9CB2DB}.Release|x64.Build.0 = Release|x64
		{376BDBC0-BC90-46C2-BEB1-B4A40C9CB2DB}.Release|x86.ActiveCfg = Release|Win32
		{376BDBC0-BC90-46C2-BEB1-B4A40C9CB2DB}.Release|x86.Build.0 = Release|Win32
		{E8393E22-31FB-4B93-9D9E-DD37C59AB3FC}.Debug|x64.ActiveCfg = Debug|x64
		{E8393E22-31FB-4B93-9D9E-DD37C59AB3FC}.Debug|x64.Build.0 = Debug|x64
		{E8393E22-31FB-4B93-9D9E-DD37C59AB3FC}.Debug|x86.ActiveCfg = Debug|Win32
		{E8393E22-31FB-4B93-9D9E-DD37C59AB3FC}.Debug|x86.Build.0 = Debug|Win32
		{E8393E22-31FB-4B93-9D9E-DD37C59AB3FC}.Release|x64.ActiveCfg = Release|x64
		{E8393E22-31FB-4B93-9D9E-DD37C59AB3FC}.Release|x64.Build.0 = Release|x64
		{E8393E22-31FB-4B93-9D9E-DD37C59AB3FC}.Release|x86.ActiveCfg = Release|Win32
		{E8393E22-31FB-4B93-9D9E-DD37C59AB3FC}.Release|x86.Build.0 = Release|Win32
		{DCA2A204-DD73-41C5-A846-88DB2A968EEA}.Debug|x64.ActiveCfg = Debug|x64
		{DCA2A204-DD73-41C5-A846-88DB2A968EEA}.Debug|x64.Build.0 = Debug|x64
		{DCA2A204-DD73-41C5-A846-88DB2A968EEA}.Debug|x86.ActiveCfg = Debug|Win32
		{DCA2A204-DD73-41C5-A846-88DB2A968EEA}.Debug|x86.Build.0 = Debug|Win32
		{DCA2A204-DD73-41C5-A846-88DB2A968EEA}.Release|x64.ActiveCfg = Release|x64
		{DCA2A204-DD73-41C5-A846-88DB2A968EEA}.Release|x64.Build.0 = Release|x64
		{DCA2A204-DD73-41C5-A846-88DB2A968EEA}.Release|x86.ActiveCfg = Release|Win32
		{DCA2A204-DD73-41C5-A846-88DB2A968EEA}.Release|x86.Build.0 = Release|Win32
		{FA4AA22C-D910-49C4-91B7-18EA29691370}.Debug|x64.ActiveCfg = Debug|x64
		{FA4AA22C-D910-49C4-91B7-18EA29691370}.Debug|x64.Build.0 = Debug|x64
		{FA4AA22C-D910-49C4-91B7-18EA29691370}.Debug|x86.ActiveCfg = Debug|Win32
		{FA4AA22C-D910-49C4-91B7-18EA29691370}.Debug|x86.Build.0 = Debug|Win32
		{FA4AA22C-D910-49C4-91B7-18EA29691370}.Release|x64.ActiveCfg = Release|x64
		{FA4AA22C-D910-49C4-91B7-18EA29691370}.Release|x64.Build.0 = Release|x64
		{FA4AA22C-D910-49C4-91B7-18EA29691370}.Release|x86.ActiveCfg = Release|Win32
		{FA4AA22C-D910-49C4-91B7-18EA29691370}.Release|x86.Build.0 = Release|Win32
		{E051A38C-B3D4-4CC9-899F-D2E918063DB2}.Debug|x64.ActiveCfg = Debug|x64
		{E051A38C-B3D4-4CC9-899F-D2E918063DB2}.Debug|x64.Build.0 = Debug|x64
		{E051A38C-B3D4-4CC9-899F-D2E918063DB2}.Debug|x86.ActiveCfg = Debug|Win32
		{E051A38C-B3D4-4CC9-899F-D2E918063DB2}.Debug|x86.Build.0 = Debug|Win32
		{E051A38C-B3D4-4CC9-899F-D2E918063DB2}.Release|x64.ActiveCfg = Release|x64
		{E051A38C-B3D4-4CC9-899F-D2E918063DB2}.Release|x64.Build.0 = Release|x64
		{E051A38C-B3D4-4CC9-899F-D2E918063DB2}.Release|x86.ActiveCfg = Release|Win32
		{E051A38C-B3D4-4CC9-899F-D2E918063DB2}.Release|x86.Build.0 = Release|Win32
		{B18E8EF8-2525-4DB1-A122-A9426F0E87BF}.Debug|x64.ActiveCfg = Debug|x64
		{B18E8EF8-2525-4DB1-A122-A9426F0E87BF}.Debug|x64.Build.0 = Debug|x64
		{B18E8EF8-2525-4DB1-A122-A9426F0E87BF}.Debug|x86.ActiveCfg = Debug|Win32
		{B18E8EF8-2525-4DB1-A122-A9426F0E87BF}.Debug|x86.Build.0 = Debug|Win32
		{B18E8EF8-2525-4DB1-A122-A9426F0E87BF}.Release|x64.ActiveCfg = Release|x64
		{B18E8EF8-2525-4DB1-A122-A9426F0E87BF}.Release|x64.Build.0 = Release|x64
		{B18E8EF8-2525-4DB1-A122-A9426F0E87BF}.Release|x86.ActiveCfg = Release|Win32
		{B18E8EF8-2525-4DB1-A122-A9426F0E87BF}.Release|x86.Build.0 = Release|Win32
		{3D9F1BC5-93C8-4EB9-BD66-95166387BF21}.Debug|x64.ActiveCfg = Debug|x64
		{3D9F1BC5-93C8-4EB9-BD66-95166387BF21}.Debug|x64.Build.0 = Debug|x64
		{3D9F1BC5-93C8-4EB9-BD66-95166387BF21}.Debug|x86.ActiveCfg = Debug|Win32
		{3D9F1BC5-93C8-4EB9-BD66-95166387BF21}.Debug|x86.Build.0 = Debug|Win32
		{3D9F1BC5-93C8-4EB9-BD66-95166387BF21}.Release|x64.ActiveCfg = Release|x64
		{3D9F1BC5-93C8-4EB9-BD66-95166387BF21}.Release|x64.Build.0 = Release|x64
		{3D9F1BC5-93C8-4EB9-BD66-95166387BF21}.Release|x86.ActiveCfg = Release|Win32
		{3D9F1BC5-93C8-4EB9-BD66-95166387BF21}.Release|x86.Build.0 = Release|Win32
		{5C3CA54A-1980-43BB-886A-0019CC88F024}.Debug|x64.ActiveCfg = Debug|x64
		{5C3CA54A-1980-43BB-886A-0019CC88F024}.Debug|x64.Build.0 = Debug|x64
		{5C3CA54A-1980-43BB-886A-0019CC88F024}.Debug|x86.ActiveCfg = Debug|Win32
		{5C3CA54A-1980-43BB-886A-0019CC88F024}.Debug|x86.Build.0 = Debug|Win32
		{5C3CA54A-1980-43BB-886A-0019CC88F024}.Release|x64.ActiveCfg = Release|x64
		{5C3CA54A-1980-43BB-886A-0019CC88F024}.Release|x64.Build.0 = Release|x64
		{5C3CA54A-1980-43BB-886A-0019CC88F024}.Release|x86.ActiveCfg = Release|Win32
		{5C3CA54A-1980-43BB-886A-0019CC88F024}.Release|x86.Build.0 = Release|Win32
		{00B3B173-6982-4281-ACEF-A781D55A0102}.Debug|x64.ActiveCfg = Debug|x64
		{00B3B173-6982-4281-ACEF-A781D55A0102}.Debug|x64.Build.0 = Debug|x64
		{00B3B173-6982-4281-ACEF-A781D55A0102}.Debug|x86.ActiveCfg = Debug|Win32
		{00B3B173-6982-4281-ACEF-A781D55A0102}.Debug|x86.Build.0 = Debug|Win32
		{00B3B173-6982-4281-ACEF-A781D55A0102}.Release|x64.ActiveCfg = Release|x64
		{00B3B173-6982-4281-ACEF-A781D55A0102}.Release|x64.Build.0 = Release|x64
		{00B3B173-6982-4281-ACEF-A781D55A0102}.Release|x86.ActiveCfg = Release|Win32
		{00B3B173-6982-4281-ACEF-A781D55A0102}.Release|x86.Build.0 = Release|Win32
		{33BDCF16-1709-47CC-8142-2045FFB91E94}.Debug|x64.ActiveCfg = Debug|x64
		{33BDCF16-1709-47CC-8142-2045FFB91E94}.Debug|x64.Build.0 = Debug|x64
		{33BDCF16-1709-47CC-8142-2045FFB91E94}.Debug|x86.ActiveCfg = Debug|Win32
		{33BDCF16-1709-47CC-8142-2045FFB91E94}.Debug|x86.Build.0 = Debug|Win32
		{33BDCF16-1709-47CC-8142-2045FFB91E94}.Release|x64.ActiveCfg = Release|x64
		{33BDCF16-1709-47CC-8142-2045FFB91E94}.Release|x64.Build.0 = Release|x64
		{33BDCF16-1709-47CC-8142-2045FFB91E94}.Release|x86.ActiveCfg = Release|Win32
		{33BDCF16-1709-47CC-8142-2045FFB91E94}.Release|x86.Build.0 = Release|Win32
		{FEBA237D-BE5F-49AA-810F-5F082558B0F4}.Debug|x64.ActiveCfg = Debug|x64
		{FEBA237D-BE5F-49AA-810F-5F082558B0F4}.Debug|x64.Build.0 = Debug|x64
		{FEBA237D-BE5F-49AA-810F-5F082558B0F4}.Debug|x86.ActiveCfg = Debug|Win32
		{FEBA237D-BE5F-49AA-810F-5F082558B0F4}.Debug|x86.Build.0 = Debug|Win32
		{FEBA237D-BE5F-49AA-810F-5F082558B0F4}.Release|x64.ActiveCfg = Release|x64
		{FEBA237D-BE5F-49AA-810F-5F082558B0F4}.Release|x64.Build.0 = Release|x64
		{FEBA237D-BE5F-49AA-810F-5F082558B0F4}.Release|x86.ActiveCfg = Release|Win32
		{FEBA237D-BE5F-49AA-810F-5F082558B0F4}.Release|x86.Build.0 = Release|Win32
		{9296845A-6F2F-4A70-B56E-48E5BD861BEA}.Debug|x64.ActiveCfg = Debug|x64
		{9296845A-6F2F-4A70-B56E-48E5BD861BEA}.Debug|x64.Build.0 = Debug|x64
		{9296845A-6F2F-4A70-B56E-48E5BD861BEA}.Debug|x86.ActiveCfg = Debug|Win32
		{9296845A-6F2F-4A70-B56E-48E5BD861BEA}.Debug|x86.Build.0 = Debug|Win32
		{9296845A-6F2F-4A70-B56E-48E5BD861BEA}.Release|x64.ActiveCfg = Release|x64
		{9296845A-6F2F-4A70-B56E-48E5BD861BEA}.Release|x64.Build.0 = Release|x64
		{9296845A-6F2F-4A70-B56E-48E5BD861BEA}.Release|x86.ActiveCfg = Release|Win32
		{9296845A-6F2F-4A70-B56E-48E5BD861BEA}.Release|x86.Build.0 = Release|Win32
		{55470D25-AB60-47E1-B433-D0AAF61C251F}.Debug|x64.ActiveCfg = Debug|x64
		{55470D25-AB60-47E1-B433-D0AAF61C251F}.Debug|x64.Build.0 = Debug|x64
		{55470D25-AB60-47E1-B433-D0AAF61C251F}.Debug|x86.ActiveCfg = Debug|Win32
		{55470D25-AB60-47E1-B433-D0AAF61C251F}.Debug|x86.Build.0 = Debug|Win32
		{55470D25-AB60-47E1-B433-D0AAF61C251F}.Release|x64.ActiveCfg = Release|x64
		{55470D25-AB60-47E1-B433-D0AAF61C251F}.Release|x64.Build.0 = Release|x64
		{55470D25-AB60-47E1-B433-D0AAF61C251F}.Release|x86.ActiveCfg = Release|Win32
		{55470D25-AB60-47E1-B433-D0AAF61C251F}.Release|x86.Build.0 = Release|Win32
		{CE6B0DD9-E458-4D6E-B30B-A8CC548D37AC}.Debug|x64.ActiveCfg = Debug|x64
		{CE6B0DD9-E458-4D6E-B30B-A8CC548D37AC}.Debug|x64.Build.0 = Debug|x64
		{CE6B0DD9-E458-4D6E-B30B-A8CC548D37AC}.Debug|x86.ActiveCfg = Debug|Win32
		{CE6B0DD9-E458-4D6E-B30B-A8CC548D37AC}.Debug|x86.Build.0 = Debug|Win32
		{CE6B0DD9-E458-4D6E-B30B-A8CC548D37AC}.Release|x64.ActiveCfg = Release|x64
		{CE6B0DD9-E458-4D6E-B30B-A8CC548D37AC}.Release|x64.Build.0 = Release|x64
		{CE6B0DD9-E458-4D6E-B30B-A8CC548D37AC}.Release|x86.ActiveCfg = Release|Win32
		{CE6B0DD9-E458-4D6E-B30B-A8CC548D37AC}.Release|x86.Build.0 = Release|Win32
		{E1240310-E0D0-4C30-BE97-AE58B0994C57}.Debug|x64.ActiveCfg = Debug|x64
		{E1240310-E0D0-4C30-BE97-AE58B0994C57}.Debug|x64.Build.0 = Debug|x64
		{E1240310-E0D0-4C30-BE97-AE58B0994C57}.Debug|x86.ActiveCfg = Debug|Win32
		{E1240310-E0D0-4C30-BE97-AE58B0994C57}.Debug|x86.Build.0 = Debug|Win32
		{E1240310-E0D0-4C30-BE97-AE58B0994C57}.Release|x64.ActiveCfg = Release|x64
		{E1240310-E0D0-4C30-BE97-AE58B0994C57}.Release|x64.Build.0 = Release|x64
		{E1240310-E0D0-4C30-BE97-AE58B0994C57}.Release|x86.ActiveCfg = Release|Win32
		{E1240310-E0D0-4C30-BE97-AE58B0994C57}.Release|x86.Build.0 = Release|Win32
		{B244B51E-C901-484E-9FCE-1E60A5675287}.Debug|x64.ActiveCfg = Debug|x64
		{B244B51E-C901-484E-9FCE-1E60A5675287}.Debug|x64.Build.0 = Debug|x64
		{B244B51E-C901-484E-9FCE-1E60A5675287}.Debug|x86.ActiveCfg = Debug|Win32
		{B244B51E-C901-484E-9FCE-1E60A5675287}.Debug|x86.Build.0 = Debug|Win32
		{B244B51E-C901-484E-9FCE-1E60A5675287}.Release|x64.ActiveCfg = Release|x64
		{B244B51E-C901-484E-9FCE-1E60A5675287}.Release|x64.Build.0 = Release|x64
		{B244B51E-C901-484E-9FCE-1E60A5675287}.Release|x86.ActiveCfg = Release|Win32
		{B244B51E-C901-484E-9FCE-1E60A5675287}.Release|x86.Build.0 = Release|Win32
		{388DED54-675B-462C-BB52-6719292A29B5}.Debug|x64.ActiveCfg = Debug|x64
		{388DED54-675B-462C-BB52-6719292A29B5}.Debug|x64.Build.0 = Debug|x64
		{388DED54-675B-462C-BB52-6719292A29B5}.Debug|x86.ActiveCfg = Debug|Win32
		{388DED54-675B-462C-BB52-6719292A29B5}.Debug|x86.Build.0 = Debug|Win32
		{388DED54-675B-462C-BB52-6719292A29B5}.Release|x64.ActiveCfg = Release|x64
		{388DED54-675B-462C-BB52-6719292A29B5}.Release|x64.Build.0 = Release|x64
		{388DED54-675B-462C-BB52-6719292A29B5}.Release|x86.ActiveCfg = Release|Win32
		{388DED54-675B-462C-BB52-6719292A29B5}.Release|x86.Build.0 = Release|Win32
		{53247E92-B650-4F3E-9267-C805F1D148EB}.Debug|x64.ActiveCfg = Debug|x64
		{53247E92-B650-4F3E-9267-C805F1D148EB}.Debug|x64.Build.0 = Debug|x64
		{53247E92-B650-4F3E-9267-C805F1D148EB}.Debug|x86.ActiveCfg = Debug|Win32
		{53247E92-B650-4F3E-9267-C805F1D148EB}.Debug|x86.Build.0 = Debug|Win32
		{53247E92-B650-4F3E-9267-C805F1D148EB}.Release|x64.ActiveCfg = Release|x64
		{53247E92-B650-4F3E-9267-C805F1D148EB}.Release|x64.Build.0 = Release|x64
		{53247E92-B650-4F3E-9267-C805F1D148EB}.Release|x86.ActiveCfg = Release|Win32
		{53247E92-B650-4F3E-9267-C805F1D148EB}.Release|x86.Build.0 = Release|Win32
		{7A5C70B8-9F35-4A1C-AA2D-6FC2216080A9}.Debug|x64.ActiveCfg = Debug|x64
		{7A5C70B8-9F35-4A1C-AA2D-6FC2216080A9}.Debug|x64.Build.0 = Debug|x64
		{7A5C70B8-9F35-4A1C-AA2D-6FC2216080A9}.Debug|x86.ActiveCfg = Debug|Win32
		{7A5C70B8-9F35-4A1C-AA2D-6FC2216080A9}.Debug|x86.Build.0 = Debug|Win32
		{7A5C70B8-9F35-4A1C-AA2D-6FC2216080A9}.Release|x64.ActiveCfg = Release|x64
		{7A5C70B8-9F35-4A1C-AA2D-6FC2216080A9}.Release|x64.Build.0 = Release|x64
		{7A5C70B8-9F35-4A1C-AA2D-6FC2216080A9}.Release|x86.ActiveCfg = Release|Win32
		{7A5C70B8-9F35-4A1C-AA2D-6FC2216080A9}.Release|x86.Build.0 = Release|Win32
		{46EFA0E8-EC7D-4EB4-895F-5E4692D17A7D}.Debug|x64.ActiveCfg = Debug|x64
		{46EFA0E8-EC7D-4EB4-895F-5E4692D17A7D}.Debug|x64.Build.0 = Debug|x64
		{46EFA0E8-EC7D-4EB4-895F-5E4692D17A7D}.Debug|x86.ActiveCfg = Debug|Win32
		{46EFA0E8-EC7D-4EB4-895F-5E4692D17A7D}.Debug|x86.Build.0 = Debug|Win32
		{46EFA0E8-EC7D-4EB4-895F-5E4692D17A7D}.Release|x64.ActiveCfg = Release|x64
		{46EFA0E8-EC7D-4EB4-895F-5E4692D17A7D}.Release|x64.Build.0 = Release|x64
		{46EFA0E8-EC7D-4EB4-895F-5E4692D17A7D}.Release|x86.ActiveCfg = Release|Win32
		{46EFA0E8-EC7D-4EB4-895F-5E4692D17A7D}.Release|x86.Build.0 = Release|Win32
		{65D65C78-BAAE-4143-8015-99B6FA010710}.Debug|x64.ActiveCfg = Debug|x64
		{65D65C78-BAAE-4143-8015-99B6FA010710}.Debug|x64.Build.0 = Debug|x64
		{65D65C78-BAAE-4143-8015-99B6FA010710}.Debug|x86.ActiveCfg = Debug|Win32
		{65D65C78-BAAE-4143-8015-99B6FA010710}.Debug|x86.Build.0 = Debug|Win32
		{65D65C78-BAAE-4143-8015-99B6FA010710}.Release|x64.ActiveCfg = Release|x64
		{65D65C78-BAAE-4143-8015-99B6FA010710}.Release|x64.Build.0 = Release|x64
		{65D65C78-BAAE-4143-8015-99B6FA010710}.Release|x86.ActiveCfg = Release|Win32
		{65D65C78-BAAE-4143-8015-99B6FA010710}.Release|x86.Build.0 = Release|Win32
		{7CE4DBFB-444A-45F7-B676-B38B03545A5E}.Debug|x64.ActiveCfg = Debug|x64
		{7CE4DBFB-444A-45F7-B676-B38B03545A5E}.Debug|x64.Build.0 = Debug|x64
		{7CE4DBFB-444A-45F7-B676-B38B03545A5E}.Debug|x86.ActiveCfg = Debug|Win32
		{7CE4DBFB-444A-45F7-B676-B38B03545A5E}.Debug|x86.Build.0 = Debug|Win32
		{7CE4DBFB-444A-45F7-B676-B38B03545A5E}.Release|x64.ActiveCfg = Release|x64
		{7CE4DBFB-444A-45F7-B676-B38B03545A5E}.Release|x64.Build.0 = Release|x64
		{7CE4DBFB-444A-45F7-B676-B38B03545A5E}.Release|x86.ActiveCfg = Release|Win32
		{7CE4DBFB-444A-45F7-B676-B38B03545A5E}.Release|x86.Build.0 = Release|Win32
		{071900E4-98E5-46F6-8E31-FA4ACDA228F4}.Debug|x64.ActiveCfg = Debug|x64
		{071900E4-98E5-46F6-8E31-FA4ACDA228F4}.Debug|x64.Build.0 = Debug|x64
		{071900E4-98E5-46F6-8E31-FA4ACDA228F4}.Debug|x86.ActiveCfg = Debug|Win32
		{071900E4-98E5-46F6-8E31-FA4ACDA228F4}.Debug|x86.Build.0 = Debug|Win32
		{071900E4-98E5-46F6-8E31-FA4ACDA228F4}.Release|x64.ActiveCfg = Release|x64
		{071900E4-98E5-46F6-8E31-FA4ACDA228F4}.Release|x64.Build.0 = Release|x64
		{071900E4-98E5-46F6-8E31-FA4ACDA228F4}.Release|x86.ActiveCfg = Release|Win32
		{071900E4-98E5-46F6-8E31-FA4ACDA228F4}.Release|x86.Build.0 = Release|Win32
		{2A3B1E3C-6965-4649-A212-A2AD3C8936FE}.Debug|x64.ActiveCfg = Debug|x64
		{2A3B1E3C-6965-4649-A212-A2AD3C8936FE}.Debug|x64.Build.0 = Debug|x64
		{2A3B1E3C-6965-4649-A212-A2AD3C8936FE}.Debug|x86.ActiveCfg = Debug|Win32
		{2A3B1E3C-6965-4649-A212-A2AD3C8936FE}.Debug|x86.Build.0 = Debug|Win32
		{2A3B1E3C-6965-4649-A212-A2AD3C8936FE}.Release|x64.ActiveCfg = Release|x64
		{2A3B1E3C-6965-4649-A212-A2AD3C8936FE}.Release|x64.Build.0 = Release|x64
		{2A3B1E3C-6965-4649-A212-A2AD3C8936FE}.Release|x86.ActiveCfg = Release|Win32
		{2A3B1E3C-6965-4649-A212-A2AD3C8936FE}.Release|x86.Build.0 = Release|Win32
		{301E1BA6-72CF-4BF9-9548-81F2D7DB5287}.Debug|x64.ActiveCfg = Debug|x64
		{301E1BA6-72CF-4BF9-9548-81F2D7DB5287}.Debug|x64.Build.0 = Debug|x64
		{301E1BA6-72CF-4BF9-9548-81F2D7DB5287}.Debug|x86.ActiveCfg = Debug|Win32
		{301E1BA6-72CF-4BF9-9548-81F2D7DB5287}.Debug|x86.Build.0 = Debug|Win32
		{301E1BA6-72CF-4BF9-9548-81F2D7DB5287}.Release|x64.ActiveCfg = Release|x64
		{301E1BA6-72CF-4BF9-9548-81F2D7DB5287}.Release|x64.Build.0 = Release|x64
		{301E1BA6-72CF-4BF9-9548-81F2D7DB5287}.Release|x86.ActiveCfg = Release|Win32
		{301E1BA6-72CF-4BF9-9548-81F2D7DB5287}.Release|x86.Build.0 = Release|Win32
		{21D6CB5A-5C1F-4287-A65A-5BB0A86ACCF5}.Debug|x64.ActiveCfg = Debug|x64
		{21D6CB5A-5C1F-4287-A65A-5BB0A86ACCF5}.Debug|x64.Build.0 = Debug|x64
		{21D6CB5A-5C1F-4287-A65A-5BB0A86ACCF5}.Debug|x86.ActiveCfg = Debug|Win32
		{21D6CB5A-5C1F-4287-A65A-5BB0A86ACCF5}.Debug|x86.Build.0 = Debug|Win32
		{21D6CB5A-5C1F-4287-A65A-5BB0A86ACCF5}.Release|x64.ActiveCfg = Release|x64
		{21D6CB5A-5C1F-4287-A65A-5BB0A86ACCF5}.Release|x64.Build.0 = Release|x64
		{21D6CB5A-5C1F-4287-A65A-5BB0A86ACCF5}.Release|x86.ActiveCfg = Release|Win32
		{21D6CB5A-5C1F-4287-A65A-5BB0A86ACCF5}.Release|x86.Build.0 = Release|Win32
		{A6062738-4045-46D9-A7FF-5C0B1DDD3BC2}.Debug|x64.ActiveCfg = Debug|x64
		{A6062738-4045-46D9-A7FF-5C0B1DDD3BC2}.Debug|x64.Build.0 = Debug|x64
		{A6062738-4045-46D9-A7FF-5C0B1DDD3BC2}.Debug|x86.ActiveCfg = Debug|Win32
		{A6062738-4045-46D9-A7FF-5C0B1DDD3BC2}.Debug|x86.Build.0 = Debug|Win32
		{A6062738-4045-46D9-A7FF-5C0B1DDD3BC2}.Release|x64.ActiveCfg = Release|x64
		{A6062738-4045-46D9-A7FF-5C0B1DDD3BC2}.Release|x64.Build.0 = Release|x64
		{A6062738-4045-46D9-A7FF-5C0B1DDD3BC2}.Release|x86.ActiveCfg = Release|Win32
		{A6062738-4045-46D9-A7FF-5C0B1DDD3BC2}.Release|x86.Build.0 = Release|Win32
		{EEF4D9A5-FE8D-4399-A604-104F2AC33062}.Debug|x64.ActiveCfg = Debug|x64
		{EEF4D9A5-FE8D-4399-A604-104F2AC33062}.Debug|x64.Build.0 = Debug|x64
		{EEF4D9A5-FE8D-4399-A604-104F2AC33062}.Debug|x86.ActiveCfg = Debug|Win32
		{EEF4D9A5-FE8D-4399-A604-104F2AC33062}.Debug|x86.Build.0 = Debug|Win32
		{EEF4D9A5-FE8D-4399-A604-104F2AC33062}.Release|x64.ActiveCfg = Release|x64
		{EEF4D9A5-FE8D-4399-A604-104F2AC33062}.Release|x64.Build.0 = Release|x64
		{EEF4D9A5-FE8D-4399-A604-104F2AC33062}.Release|x86.ActiveCfg = Release|Win32
		{EEF4D9A5-FE8D-4399-A604-104F2AC33062}.Release|x86.Build.0 = Release|Win32
		{7EA38F6C-4FA0-4EF2-8384-B33C878F2B26}.Debug|x64.ActiveCfg = Debug|x64
		{7EA38F6C-4FA0-4EF2-8384-B33C878F2B26}.Debug|x64.Build.0 = Debug|x64
		{7EA38F6C-4FA0-4EF2-8384-B33C878F2B26}.Debug|x86.ActiveCfg = Debug|Win32
		{7EA38F6C-4FA0-4EF2-8384-B33C878F2B26}.Debug|x86.Build.0 = Debug|Win32
		{7EA38F6C-4FA0-4EF2-8384-B33C878F2B26}.Release|x64.ActiveCfg = Release|x64
		{7EA38F6C-4FA0-4EF2-8384-B33C878F2B26}.Release|x64.Build.0 = Release|x64
		{7EA38F6C-4FA0-4EF2-8384-B33C878F2B26}.Release|x86.ActiveCfg = Release|Win32
		{7EA38F6C-4FA0-4EF2-8384-B33C878F2B26}.Release|x86.Build.0 = Release|Win32
		{8973FC8D-0451-45D9-9C0D-D34D726720D8}.Debug|x64.ActiveCfg = Debug|x64
		{8973FC8D-0451-45D9-9C0D-D34D726720D8}.Debug|x64.Build.0 = Debug|x64
		{8973FC8D-0451-45D9-9C0D-D34D726720D8}.Debug|x86.ActiveCfg = Debug|Win32
		{8973FC8D-0451-45D9-9C0D-D34D726720D8}.Debug|x86.Build.0 = Debug|Win32
		{8973FC8D-0451-45D9-9C0D-D34D726720D8}.Release|x64.ActiveCfg = Release|x64
		{8973FC8D-0451-45D9-9C0D-D34D726720D8}.Release|x64.Build.0 = Release|x64
		{8973FC8D-0451-45D9-9C0D-D34D726720D8}.Release|x86.ActiveCfg = Release|Win32
		{8973FC8D-0451-45D9-9C0D-D34D726720D8}.Release|x86.Build.0 = Release|Win32
		{39EB0CC7-B1A4-4D23-8BC7-51109B0D4529}.Debug|x64.ActiveCfg = Debug|x64
		{39EB0CC7-B1A4-4D23-8BC7-51109B0D4529}.Debug|x64.Build.0 = Debug|x64
		{39EB0CC7-B1A4-4D23-8BC7-51109B0D4529}.Debug|x86.ActiveCfg = Debug|Win32
		{39EB0CC7-B1A4-4D23-8BC7-51109B0D4529}.Debug|x86.Build.0 = Debug|Win32
		{39EB0CC7-B1A4-4D23-8BC7-51109B0D4529}.Release|x64.ActiveCfg = Release|x64
		{39EB0CC7-B1A4-4D23-8BC7-51109B0D4529}.Release|x64.Build.0 = Release|x64
		{39EB0CC7-B1A4-4D23-8BC7-51109B0D4529}.Release|x86.ActiveCfg = Release|Win32
		{39EB0CC7-B1A4-4D23-8BC7-51109B0D4529}.Release|x86.Build.0 = Release|Win32
		{180E93F0-38B0-4F44-8B30-F9C16801C5A7}.Debug|x64.ActiveCfg = Debug|x64
		{180E93F0-38B0-4F44-8B30-F9C16801C5A7}.Debug|x64.Build.0 = Debug|x64
		{180E93F0-38B0-4F44-8B30-F9C16801C5A7}.Debug|x86.ActiveCfg = Debug|Win32
		{180E93F0-38B0-4F44-8B30-F9C16801C5A7}.Debug|x86.Build.0 = Debug|Win32
		{180E93F0-38B0-4F44-8B30-F9C16801C5A7}.Release|x64.ActiveCfg = Release|x64
		{180E93F0-38B0-4F44-8B30-F9C16801C5A7}.Release|x64.Build.0 = Release|x64
		{180E93F0-38B0-4F44-8B30-F9C16801C5A7}.Release|x86.ActiveCfg = Release|Win32
		{180E93F0-38B0-4F44-8B30-F9C16801C5A7}.Release|x86.Build.0 = Release|Win32
		{E02AEF12-8BBF-4F10-A52D-19ADFC98F408}.Debug|x64.ActiveCfg = Debug|x64
		{E02AEF12-8BBF-4F10-A52D-19ADFC98F408}.Debug|x64.Build.0 = Debug|x64
		{E02AEF12-8BBF-4F10-A52D-19ADFC98F408}.Debug|x86.ActiveCfg = Debug|Win32
		{E02AEF12-8BBF-4F10-A52D-19ADFC98F408}.Debug|x86.Build.0 = Debug|Win32
		{E02AEF12-8BBF-4F10-A52D-19ADFC98F408}.Release|x64.ActiveCfg = Release|x64
		{E02AEF12-8BBF-4F10-A52D-19ADFC98F408}.Release|x64.Build.0 = Release|x64
		{E02AEF12-8BBF-4F10-A52D-19ADFC98F408}.Release|x86.ActiveCfg = Release|Win32
		{E02AEF12-8BBF-4F10-A52D-19ADFC98F408}.Release|x86.Build.0 = Release|Win32
		{63CFDCE5-3B55-4704-9021-5FB79A689054}.Debug|x64.ActiveCfg = Debug|x64
		{63CFDCE5-3B55-4704-9021-5FB79A689054}.Debug|x64.Build.0 = Debug|x64
		{63CFDCE5-3B55-4704-9021-5FB79A689054}.Debug|x86.ActiveCfg = Debug|Win32
		{63CFDCE5-3B55-4704-9021-5FB79A689054}.Debug|x86.Build.0 = Debug|Win32
		{63CFDCE5-3B55-4704-9021-5FB79A689054}.Release|x64.ActiveCfg = Release|x64
		{63CFDCE5-3B55-4704-9021-5FB79A689054}.Release|x64.Build.0 = Release|x64
		{63CFDCE5-3B55-4704-9021-5FB79A689054}.Release|x86.ActiveCfg = Release|Win32
		{63CFDCE5-3B55-4704-9021-5FB79A689054}.Release|x86.Build.0 = Release|Win32
		{92414CEC-326E-4EDF-B733-E9D2899DAFFD}.Debug|x64.ActiveCfg = Debug|x64
		{92414CEC-326E-4EDF-B733-E9D2899DAFFD}.Debug|x64.Build.0 = Debug|x64
		{92414CEC-326E-4EDF-B733-E9D2899DAFFD}.Debug|x86.ActiveCfg = Debug|Win32
		{92414CEC-326E-4EDF-B733-E9D2899DAFFD}.Debug|x86.Build.0 = Debug|Win32
		{92414CEC-326E-4EDF-B733-E9D2899DAFFD}.Release|x64.ActiveCfg = Release|x64
		{92414CEC-326E-4EDF-B733-E9D2899DAFFD}.Release|x64.Build.0 = Release|x64
		{92414CEC-326E-4EDF-B733-E9D2899DAFFD}.Release|x86.ActiveCfg = Release|Win32
		{92414CEC-326E-4EDF-B733-E9D2899DAFFD}.Release|x86.Build.0 = Release|Win32
	EndGlobalSection
	GlobalSection(SolutionProperties) = preSolution
		HideSolutionNode = FALSE
	EndGlobalSection
	GlobalSection(NestedProjects) = preSolution
		{E20965CF-0F2B-4F76-A6A2-889ED86DFB07} = {5ABCC512-02A2-47D3-A3B3-2C394C8FAAA6}
		{1442BCA8-D9C8-427D-9565-2036AAE82DB2} = {5A64F4E1-1C9F-4AD3-92C8-5F529C943D74}
		{87621CA6-1825-4297-A401-367A97F96C6C} = {5ABCC512-02A2-47D3-A3B3-2C394C8FAAA6}
		{92876E90-7E2F-4345-BCA6-25605A318FE7} = {5A64F4E1-1C9F-4AD3-92C8-5F529C943D74}
		{E6134691-4E34-420F-B766-C28F2D9B12E8} = {5A64F4E1-1C9F-4AD3-92C8-5F529C943D74}
		{FACB0C16-3E78-4FE7-A1AE-6F1017F69B53} = {5A64F4E1-1C9F-4AD3-92C8-5F529C943D74}
		{1B0AF122-CC7C-4135-A987-47966AECD960} = {5A64F4E1-1C9F-4AD3-92C8-5F529C943D74}
		{6C0A6A6B-7D8F-4819-99B2-91CE7A7153D2} = {5A64F4E1-1C9F-4AD3-92C8-5F529C943D74}
		{32120ACA-9C31-40AD-926C-FABFC58F0BFB} = {5A64F4E1-1C9F-4AD3-92C8-5F529C943D74}
		{CBD16653-4939-4FE9-A83D-F69980B2BE18} = {CEEDCD25-43A0-4801-B46F-072A995E60B4}
		{941F8B28-EA34-4EE2-8683-D8EA36A01948} = {5ABCC512-02A2-47D3-A3B3-2C394C8FAAA6}
		{A2605330-C985-4AC0-9659-E0E21C6E5681} = {5ABCC512-02A2-47D3-A3B3-2C394C8FAAA6}
		{CB47E9F8-F1E2-45F1-AA7E-FAD0E3FD38D6} = {5ABCC512-02A2-47D3-A3B3-2C394C8FAAA6}
		{376BDBC0-BC90-46C2-BEB1-B4A40C9CB2DB} = {5ABCC512-02A2-47D3-A3B3-2C394C8FAAA6}
		{E8393E22-31FB-4B93-9D9E-DD37C59AB3FC} = {5ABCC512-02A2-47D3-A3B3-2C394C8FAAA6}
		{DCA2A204-DD73-41C5-A846-88DB2A968EEA} = {5A64F4E1-1C9F-4AD3-92C8-5F529C943D74}
		{FA4AA22C-D910-49C4-91B7-18EA29691370} = {5ABCC512-02A2-47D3-A3B3-2C394C8FAAA6}
		{E051A38C-B3D4-4CC9-899F-D2E918063DB2} = {5ABCC512-02A2-47D3-A3B3-2C394C8FAAA6}
		{B18E8EF8-2525-4DB1-A122-A9426F0E87BF} = {5ABCC512-02A2-47D3-A3B3-2C394C8FAAA6}
		{3D9F1BC5-93C8-4EB9-BD66-95166387BF21} = {5ABCC512-02A2-47D3-A3B3-2C394C8FAAA6}
		{5C3CA54A-1980-43BB-886A-0019CC88F024} = {5ABCC512-02A2-47D3-A3B3-2C394C8FAAA6}
		{00B3B173-6982-4281-ACEF-A781D55A0102} = {5ABCC512-02A2-47D3-A3B3-2C394C8FAAA6}
		{33BDCF16-1709-47CC-8142-2045FFB91E94} = {5ABCC512-02A2-47D3-A3B3-2C394C8FAAA6}
		{FEBA237D-BE5F-49AA-810F-5F082558B0F4} = {5ABCC512-02A2-47D3-A3B3-2C394C8FAAA6}
		{9296845A-6F2F-4A70-B56E-48E5BD861BEA} = {5ABCC512-02A2-47D3-A3B3-2C394C8FAAA6}
		{55470D25-AB60-47E1-B433-D0AAF61C251F} = {5ABCC512-02A2-47D3-A3B3-2C394C8FAAA6}
		{CE6B0DD9-E458-4D6E-B30B-A8CC548D37AC} = {5A64F4E1-1C9F-4AD3-92C8-5F529C943D74}
		{E1240310-E0D0-4C30-BE97-AE58B0994C57} = {5ABCC512-02A2-47D3-A3B3-2C394C8FAAA6}
		{B244B51E-C901-484E-9FCE-1E60A5675287} = {5ABCC512-02A2-47D3-A3B3-2C394C8FAAA6}
		{388DED54-675B-462C-BB52-6719292A29B5} = {5ABCC512-02A2-47D3-A3B3-2C394C8FAAA6}
		{53247E92-B650-4F3E-9267-C805F1D148EB} = {5ABCC512-02A2-47D3-A3B3-2C394C8FAAA6}
		{7A5C70B8-9F35-4A1C-AA2D-6FC2216080A9} = {5A64F4E1-1C9F-4AD3-92C8-5F529C943D74}
		{46EFA0E8-EC7D-4EB4-895F-5E4692D17A7D} = {5ABCC512-02A2-47D3-A3B3-2C394C8FAAA6}
		{65D65C78-BAAE-4143-8015-99B6FA010710} = {5ABCC512-02A2-47D3-A3B3-2C394C8FAAA6}
		{7CE4DBFB-444A-45F7-B676-B38B03545A5E} = {5ABCC512-02A2-47D3-A3B3-2C394C8FAAA6}
		{071900E4-98E5-46F6-8E31-FA4ACDA228F4} = {5ABCC512-02A2-47D3-A3B3-2C394C8FAAA6}
		{2A3B1E3C-6965-4649-A212-A2AD3C8936FE} = {5ABCC512-02A2-47D3-A3B3-2C394C8FAAA6}
		{301E1BA6-72CF-4BF9-9548-81F2D7DB5287} = {5ABCC512-02A2-47D3-A3B3-2C394C8FAAA6}
		{21D6CB5A-5C1F-4287-A65A-5BB0A86ACCF5} = {5ABCC512-02A2-47D3-A3B3-2C394C8FAAA6}
		{A6062738-4045-46D9-A7FF-5C0B1DDD3BC2} = {5ABCC512-02A2-47D3-A3B3-2C394C8FAAA6}
		{EEF4D9A5-FE8D-4399-A604-104F2AC33062} = {5ABCC512-02A2-47D3-A3B3-2C394C8FAAA6}
		{7EA38F6C-4FA0-4EF2-8384-B33C878F2B26} = {5ABCC512-02A2-47D3-A3B3-2C394C8FAAA6}
		{8973FC8D-0451-45D9-9C0D-D34D726720D8} = {5ABCC512-02A2-47D3-A3B3-2C394C8FAAA6}
		{39EB0CC7-B1A4-4D23-8BC7-51109B0D4529} = {5A64F4E1-1C9F-4AD3-92C8-5F529C943D74}
		{180E93F0-38B0-4F44-8B30-F9C16801C5A7} = {5ABCC512-02A2-47D3-A3B3-2C394C8FAAA6}
		{E02AEF12-8BBF-4F10-A52D-19ADFC98F408} = {5ABCC512-02A2-47D3-A3B3-2C394C8FAAA6}
		{63CFDCE5-3B55-4704-9021-5FB79A689054} = {5ABCC512-02A2-47D3-A3B3-2C394C8FAAA6}
		{92414CEC-326E-4EDF-B733-E9D2899DAFFD} = {5ABCC512-02A2-47D3-A3B3-2C394C8FAAA6}
	EndGlobalSection
	GlobalSection(ExtensibilityGlobals) = postSolution
		SolutionGuid = {BD783DDE-DBA3-48E3-8E48-B5F50E6DA2AE}
	EndGlobalSection
EndGlobal
