
Microsoft Visual Studio Solution File, Format Version 12.00
# Visual Studio Version 17
VisualStudioVersion = 17.9.34728.123
MinimumVisualStudioVersion = 10.0.40219.1
Project("{8BC9CEB8-8B4A-11D0-8D11-00A0C91BC942}") = "exam1_pgm", "exams\exam1_pgm\exam1_pgm.vcxproj", "{E20965CF-0F2B-4F76-A6A2-889ED86DFB07}"
EndProject
Project("{8BC9CEB8-8B4A-11D0-8D11-00A0C91BC942}") = "exam21_adam7", "exams\exam21_adam7\exam21_adam7.vcxproj", "{49A66B46-B3B3-4543-80DB-F237593765F4}"
EndProject
Project("{8BC9CEB8-8B4A-11D0-8D11-00A0C91BC942}") = "huffdiff", "assignments\huffdiff\huffdiff.vcxproj", "{1442BCA8-D9C8-427D-9565-2036AAE82DB2}"
EndProject
Project("{2150E333-8FDC-42A3-9474-1A3956D46DE8}") = "exams", "exams", "{5ABCC512-02A2-47D3-A3B3-2C394C8FAAA6}"
EndProject
Project("{2150E333-8FDC-42A3-9474-1A3956D46DE8}") = "assignments", "assignments", "{5A64F4E1-1C9F-4AD3-92C8-5F529C943D74}"
EndProject
Project("{8BC9CEB8-8B4A-11D0-8D11-00A0C91BC942}") = "exam2_base64_decode", "exams\exam2_base64_decode\exam2_base64_decode.vcxproj", "{87621CA6-1825-4297-A401-367A97F96C6C}"
EndProject
Global
	GlobalSection(SolutionConfigurationPlatforms) = preSolution
		Debug|x64 = Debug|x64
		Debug|x86 = Debug|x86
		Release|x64 = Release|x64
		Release|x86 = Release|x86
	EndGlobalSection
	GlobalSection(ProjectConfigurationPlatforms) = postSolution
		{E20965CF-0F2B-4F76-A6A2-889ED86DFB07}.Debug|x64.ActiveCfg = Debug|x64
		{E20965CF-0F2B-4F76-A6A2-889ED86DFB07}.Debug|x64.Build.0 = Debug|x64
		{E20965CF-0F2B-4F76-A6A2-889ED86DFB07}.Debug|x86.ActiveCfg = Debug|Win32
		{E20965CF-0F2B-4F76-A6A2-889ED86DFB07}.Debug|x86.Build.0 = Debug|Win32
		{E20965CF-0F2B-4F76-A6A2-889ED86DFB07}.Release|x64.ActiveCfg = Release|x64
		{E20965CF-0F2B-4F76-A6A2-889ED86DFB07}.Release|x64.Build.0 = Release|x64
		{E20965CF-0F2B-4F76-A6A2-889ED86DFB07}.Release|x86.ActiveCfg = Release|Win32
		{E20965CF-0F2B-4F76-A6A2-889ED86DFB07}.Release|x86.Build.0 = Release|Win32
		{49A66B46-B3B3-4543-80DB-F237593765F4}.Debug|x64.ActiveCfg = Debug|x64
		{49A66B46-B3B3-4543-80DB-F237593765F4}.Debug|x64.Build.0 = Debug|x64
		{49A66B46-B3B3-4543-80DB-F237593765F4}.Debug|x86.ActiveCfg = Debug|Win32
		{49A66B46-B3B3-4543-80DB-F237593765F4}.Debug|x86.Build.0 = Debug|Win32
		{49A66B46-B3B3-4543-80DB-F237593765F4}.Release|x64.ActiveCfg = Release|x64
		{49A66B46-B3B3-4543-80DB-F237593765F4}.Release|x64.Build.0 = Release|x64
		{49A66B46-B3B3-4543-80DB-F237593765F4}.Release|x86.ActiveCfg = Release|Win32
		{49A66B46-B3B3-4543-80DB-F237593765F4}.Release|x86.Build.0 = Release|Win32
		{1442BCA8-D9C8-427D-9565-2036AAE82DB2}.Debug|x64.ActiveCfg = Debug|x64
		{1442BCA8-D9C8-427D-9565-2036AAE82DB2}.Debug|x64.Build.0 = Debug|x64
		{1442BCA8-D9C8-427D-9565-2036AAE82DB2}.Debug|x86.ActiveCfg = Debug|Win32
		{1442BCA8-D9C8-427D-9565-2036AAE82DB2}.Debug|x86.Build.0 = Debug|Win32
		{1442BCA8-D9C8-427D-9565-2036AAE82DB2}.Release|x64.ActiveCfg = Release|x64
		{1442BCA8-D9C8-427D-9565-2036AAE82DB2}.Release|x64.Build.0 = Release|x64
		{1442BCA8-D9C8-427D-9565-2036AAE82DB2}.Release|x86.ActiveCfg = Release|Win32
		{1442BCA8-D9C8-427D-9565-2036AAE82DB2}.Release|x86.Build.0 = Release|Win32
		{87621CA6-1825-4297-A401-367A97F96C6C}.Debug|x64.ActiveCfg = Debug|x64
		{87621CA6-1825-4297-A401-367A97F96C6C}.Debug|x64.Build.0 = Debug|x64
		{87621CA6-1825-4297-A401-367A97F96C6C}.Debug|x86.ActiveCfg = Debug|Win32
		{87621CA6-1825-4297-A401-367A97F96C6C}.Debug|x86.Build.0 = Debug|Win32
		{87621CA6-1825-4297-A401-367A97F96C6C}.Release|x64.ActiveCfg = Release|x64
		{87621CA6-1825-4297-A401-367A97F96C6C}.Release|x64.Build.0 = Release|x64
		{87621CA6-1825-4297-A401-367A97F96C6C}.Release|x86.ActiveCfg = Release|Win32
		{87621CA6-1825-4297-A401-367A97F96C6C}.Release|x86.Build.0 = Release|Win32
	EndGlobalSection
	GlobalSection(SolutionProperties) = preSolution
		HideSolutionNode = FALSE
	EndGlobalSection
	GlobalSection(NestedProjects) = preSolution
		{E20965CF-0F2B-4F76-A6A2-889ED86DFB07} = {5ABCC512-02A2-47D3-A3B3-2C394C8FAAA6}
		{49A66B46-B3B3-4543-80DB-F237593765F4} = {5ABCC512-02A2-47D3-A3B3-2C394C8FAAA6}
		{1442BCA8-D9C8-427D-9565-2036AAE82DB2} = {5A64F4E1-1C9F-4AD3-92C8-5F529C943D74}
		{87621CA6-1825-4297-A401-367A97F96C6C} = {5ABCC512-02A2-47D3-A3B3-2C394C8FAAA6}
	EndGlobalSection
	GlobalSection(ExtensibilityGlobals) = postSolution
		SolutionGuid = {BD783DDE-DBA3-48E3-8E48-B5F50E6DA2AE}
	EndGlobalSection
EndGlobal
